// !$*UTF8*$!
{
	archiveVersion = 1;
	classes = {
	};
	objectVersion = 46;
	objects = {

/* Begin PBXBuildFile section */
		8BB895C314D132460089B2B1 /* UIKit.framework in Frameworks */ = {isa = PBXBuildFile; fileRef = 8BB895C214D132460089B2B1 /* UIKit.framework */; };
		8BB895C514D132460089B2B1 /* Foundation.framework in Frameworks */ = {isa = PBXBuildFile; fileRef = 8BB895C414D132460089B2B1 /* Foundation.framework */; };
		8BB895C714D132460089B2B1 /* CoreGraphics.framework in Frameworks */ = {isa = PBXBuildFile; fileRef = 8BB895C614D132460089B2B1 /* CoreGraphics.framework */; };
		8BB895CD14D132460089B2B1 /* InfoPlist.strings in Resources */ = {isa = PBXBuildFile; fileRef = 8BB895CB14D132460089B2B1 /* InfoPlist.strings */; };
		8BB895CF14D132460089B2B1 /* main.m in Sources */ = {isa = PBXBuildFile; fileRef = 8BB895CE14D132460089B2B1 /* main.m */; };
		8BB895D314D132460089B2B1 /* AppDelegate.m in Sources */ = {isa = PBXBuildFile; fileRef = 8BB895D214D132460089B2B1 /* AppDelegate.m */; };
		8BB895D614D132460089B2B1 /* DemoTableViewController.m in Sources */ = {isa = PBXBuildFile; fileRef = 8BB895D514D132460089B2B1 /* DemoTableViewController.m */; };
		8BB895E414D132ED0089B2B1 /* PullRefreshTableViewController.m in Sources */ = {isa = PBXBuildFile; fileRef = 8BB895E314D132ED0089B2B1 /* PullRefreshTableViewController.m */; };
		8BB895E614D136140089B2B1 /* QuartzCore.framework in Frameworks */ = {isa = PBXBuildFile; fileRef = 8BB895E514D136140089B2B1 /* QuartzCore.framework */; };
		8BB895E814D136680089B2B1 /* arrow.png in Resources */ = {isa = PBXBuildFile; fileRef = 8BB895E714D136680089B2B1 /* arrow.png */; };
		8BB895ED14D136B00089B2B1 /* ColorBlock.m in Sources */ = {isa = PBXBuildFile; fileRef = 8BB895EA14D136B00089B2B1 /* ColorBlock.m */; };
		8BB895EE14D136B00089B2B1 /* ColorGrid.m in Sources */ = {isa = PBXBuildFile; fileRef = 8BB895EC14D136B00089B2B1 /* ColorGrid.m */; };
		8BB895F014D136F70089B2B1 /* Colors.plist in Resources */ = {isa = PBXBuildFile; fileRef = 8BB895EF14D136F60089B2B1 /* Colors.plist */; };
/* End PBXBuildFile section */

/* Begin PBXFileReference section */
		8BB895BE14D132460089B2B1 /* Pullwalla.app */ = {isa = PBXFileReference; explicitFileType = wrapper.application; includeInIndex = 0; path = Pullwalla.app; sourceTree = BUILT_PRODUCTS_DIR; };
		8BB895C214D132460089B2B1 /* UIKit.framework */ = {isa = PBXFileReference; lastKnownFileType = wrapper.framework; name = UIKit.framework; path = System/Library/Frameworks/UIKit.framework; sourceTree = SDKROOT; };
		8BB895C414D132460089B2B1 /* Foundation.framework */ = {isa = PBXFileReference; lastKnownFileType = wrapper.framework; name = Foundation.framework; path = System/Library/Frameworks/Foundation.framework; sourceTree = SDKROOT; };
		8BB895C614D132460089B2B1 /* CoreGraphics.framework */ = {isa = PBXFileReference; lastKnownFileType = wrapper.framework; name = CoreGraphics.framework; path = System/Library/Frameworks/CoreGraphics.framework; sourceTree = SDKROOT; };
		8BB895CA14D132460089B2B1 /* Pullwalla-Info.plist */ = {isa = PBXFileReference; lastKnownFileType = text.plist.xml; path = "Pullwalla-Info.plist"; sourceTree = "<group>"; };
		8BB895CC14D132460089B2B1 /* en */ = {isa = PBXFileReference; lastKnownFileType = text.plist.strings; name = en; path = en.lproj/InfoPlist.strings; sourceTree = "<group>"; };
		8BB895CE14D132460089B2B1 /* main.m */ = {isa = PBXFileReference; lastKnownFileType = sourcecode.c.objc; path = main.m; sourceTree = "<group>"; };
		8BB895D014D132460089B2B1 /* Pullwalla-Prefix.pch */ = {isa = PBXFileReference; lastKnownFileType = sourcecode.c.h; path = "Pullwalla-Prefix.pch"; sourceTree = "<group>"; };
		8BB895D114D132460089B2B1 /* AppDelegate.h */ = {isa = PBXFileReference; lastKnownFileType = sourcecode.c.h; path = AppDelegate.h; sourceTree = "<group>"; };
		8BB895D214D132460089B2B1 /* AppDelegate.m */ = {isa = PBXFileReference; lastKnownFileType = sourcecode.c.objc; path = AppDelegate.m; sourceTree = "<group>"; };
		8BB895D414D132460089B2B1 /* DemoTableViewController.h */ = {isa = PBXFileReference; lastKnownFileType = sourcecode.c.h; path = DemoTableViewController.h; sourceTree = "<group>"; };
		8BB895D514D132460089B2B1 /* DemoTableViewController.m */ = {isa = PBXFileReference; lastKnownFileType = sourcecode.c.objc; path = DemoTableViewController.m; sourceTree = "<group>"; };
		8BB895E214D132ED0089B2B1 /* PullRefreshTableViewController.h */ = {isa = PBXFileReference; fileEncoding = 4; lastKnownFileType = sourcecode.c.h; path = PullRefreshTableViewController.h; sourceTree = "<group>"; };
		8BB895E314D132ED0089B2B1 /* PullRefreshTableViewController.m */ = {isa = PBXFileReference; fileEncoding = 4; lastKnownFileType = sourcecode.c.objc; path = PullRefreshTableViewController.m; sourceTree = "<group>"; };
		8BB895E514D136140089B2B1 /* QuartzCore.framework */ = {isa = PBXFileReference; lastKnownFileType = wrapper.framework; name = QuartzCore.framework; path = System/Library/Frameworks/QuartzCore.framework; sourceTree = SDKROOT; };
		8BB895E714D136680089B2B1 /* arrow.png */ = {isa = PBXFileReference; lastKnownFileType = image.png; path = arrow.png; sourceTree = "<group>"; };
		8BB895E914D136B00089B2B1 /* ColorBlock.h */ = {isa = PBXFileReference; fileEncoding = 4; lastKnownFileType = sourcecode.c.h; path = ColorBlock.h; sourceTree = "<group>"; };
		8BB895EA14D136B00089B2B1 /* ColorBlock.m */ = {isa = PBXFileReference; fileEncoding = 4; lastKnownFileType = sourcecode.c.objc; path = ColorBlock.m; sourceTree = "<group>"; };
		8BB895EB14D136B00089B2B1 /* ColorGrid.h */ = {isa = PBXFileReference; fileEncoding = 4; lastKnownFileType = sourcecode.c.h; path = ColorGrid.h; sourceTree = "<group>"; };
		8BB895EC14D136B00089B2B1 /* ColorGrid.m */ = {isa = PBXFileReference; fileEncoding = 4; lastKnownFileType = sourcecode.c.objc; path = ColorGrid.m; sourceTree = "<group>"; };
		8BB895EF14D136F60089B2B1 /* Colors.plist */ = {isa = PBXFileReference; fileEncoding = 4; lastKnownFileType = text.plist.xml; path = Colors.plist; sourceTree = "<group>"; };
/* End PBXFileReference section */

/* Begin PBXFrameworksBuildPhase section */
		8BB895BB14D132460089B2B1 /* Frameworks */ = {
			isa = PBXFrameworksBuildPhase;
			buildActionMask = 2147483647;
			files = (
				8BB895E614D136140089B2B1 /* QuartzCore.framework in Frameworks */,
				8BB895C314D132460089B2B1 /* UIKit.framework in Frameworks */,
				8BB895C514D132460089B2B1 /* Foundation.framework in Frameworks */,
				8BB895C714D132460089B2B1 /* CoreGraphics.framework in Frameworks */,
			);
			runOnlyForDeploymentPostprocessing = 0;
		};
/* End PBXFrameworksBuildPhase section */

/* Begin PBXGroup section */
		8BB895B314D132460089B2B1 = {
			isa = PBXGroup;
			children = (
				8BB895E514D136140089B2B1 /* QuartzCore.framework */,
				8BB895C814D132460089B2B1 /* Pullwalla */,
				8BB895C114D132460089B2B1 /* Frameworks */,
				8BB895BF14D132460089B2B1 /* Products */,
			);
			sourceTree = "<group>";
		};
		8BB895BF14D132460089B2B1 /* Products */ = {
			isa = PBXGroup;
			children = (
				8BB895BE14D132460089B2B1 /* Pullwalla.app */,
			);
			name = Products;
			sourceTree = "<group>";
		};
		8BB895C114D132460089B2B1 /* Frameworks */ = {
			isa = PBXGroup;
			children = (
				8BB895C214D132460089B2B1 /* UIKit.framework */,
				8BB895C414D132460089B2B1 /* Foundation.framework */,
				8BB895C614D132460089B2B1 /* CoreGraphics.framework */,
			);
			name = Frameworks;
			sourceTree = "<group>";
		};
		8BB895C814D132460089B2B1 /* Pullwalla */ = {
			isa = PBXGroup;
			children = (
				8BB895EF14D136F60089B2B1 /* Colors.plist */,
				8BB895E914D136B00089B2B1 /* ColorBlock.h */,
				8BB895EA14D136B00089B2B1 /* ColorBlock.m */,
				8BB895EB14D136B00089B2B1 /* ColorGrid.h */,
				8BB895EC14D136B00089B2B1 /* ColorGrid.m */,
				8BB895D114D132460089B2B1 /* AppDelegate.h */,
				8BB895D214D132460089B2B1 /* AppDelegate.m */,
				8BB895D414D132460089B2B1 /* DemoTableViewController.h */,
				8BB895D514D132460089B2B1 /* DemoTableViewController.m */,
				8BB895C914D132460089B2B1 /* Supporting Files */,
				8BB895E214D132ED0089B2B1 /* PullRefreshTableViewController.h */,
				8BB895E314D132ED0089B2B1 /* PullRefreshTableViewController.m */,
			);
			path = Pullwalla;
			sourceTree = "<group>";
		};
		8BB895C914D132460089B2B1 /* Supporting Files */ = {
			isa = PBXGroup;
			children = (
				8BB895E714D136680089B2B1 /* arrow.png */,
				8BB895CA14D132460089B2B1 /* Pullwalla-Info.plist */,
				8BB895CB14D132460089B2B1 /* InfoPlist.strings */,
				8BB895CE14D132460089B2B1 /* main.m */,
				8BB895D014D132460089B2B1 /* Pullwalla-Prefix.pch */,
			);
			name = "Supporting Files";
			sourceTree = "<group>";
		};
/* End PBXGroup section */

/* Begin PBXNativeTarget section */
		8BB895BD14D132460089B2B1 /* Pullwalla */ = {
			isa = PBXNativeTarget;
			buildConfigurationList = 8BB895DC14D132460089B2B1 /* Build configuration list for PBXNativeTarget "Pullwalla" */;
			buildPhases = (
				8BB895BA14D132460089B2B1 /* Sources */,
				8BB895BB14D132460089B2B1 /* Frameworks */,
				8BB895BC14D132460089B2B1 /* Resources */,
			);
			buildRules = (
			);
			dependencies = (
			);
			name = Pullwalla;
			productName = Pullwalla;
			productReference = 8BB895BE14D132460089B2B1 /* Pullwalla.app */;
			productType = "com.apple.product-type.application";
		};
/* End PBXNativeTarget section */

/* Begin PBXProject section */
		8BB895B514D132460089B2B1 /* Project object */ = {
			isa = PBXProject;
			attributes = {
				LastUpgradeCheck = 0420;
			};
			buildConfigurationList = 8BB895B814D132460089B2B1 /* Build configuration list for PBXProject "Pullwalla" */;
			compatibilityVersion = "Xcode 3.2";
			developmentRegion = English;
			hasScannedForEncodings = 0;
			knownRegions = (
				en,
			);
			mainGroup = 8BB895B314D132460089B2B1;
			productRefGroup = 8BB895BF14D132460089B2B1 /* Products */;
			projectDirPath = "";
			projectRoot = "";
			targets = (
				8BB895BD14D132460089B2B1 /* Pullwalla */,
			);
		};
/* End PBXProject section */

/* Begin PBXResourcesBuildPhase section */
		8BB895BC14D132460089B2B1 /* Resources */ = {
			isa = PBXResourcesBuildPhase;
			buildActionMask = 2147483647;
			files = (
				8BB895CD14D132460089B2B1 /* InfoPlist.strings in Resources */,
				8BB895E814D136680089B2B1 /* arrow.png in Resources */,
				8BB895F014D136F70089B2B1 /* Colors.plist in Resources */,
			);
			runOnlyForDeploymentPostprocessing = 0;
		};
/* End PBXResourcesBuildPhase section */

/* Begin PBXSourcesBuildPhase section */
		8BB895BA14D132460089B2B1 /* Sources */ = {
			isa = PBXSourcesBuildPhase;
			buildActionMask = 2147483647;
			files = (
				8BB895CF14D132460089B2B1 /* main.m in Sources */,
				8BB895D314D132460089B2B1 /* AppDelegate.m in Sources */,
				8BB895D614D132460089B2B1 /* DemoTableViewController.m in Sources */,
				8BB895E414D132ED0089B2B1 /* PullRefreshTableViewController.m in Sources */,
				8BB895ED14D136B00089B2B1 /* ColorBlock.m in Sources */,
				8BB895EE14D136B00089B2B1 /* ColorGrid.m in Sources */,
			);
			runOnlyForDeploymentPostprocessing = 0;
		};
/* End PBXSourcesBuildPhase section */

/* Begin PBXVariantGroup section */
		8BB895CB14D132460089B2B1 /* InfoPlist.strings */ = {
			isa = PBXVariantGroup;
			children = (
				8BB895CC14D132460089B2B1 /* en */,
			);
			name = InfoPlist.strings;
			sourceTree = "<group>";
		};
/* End PBXVariantGroup section */

/* Begin XCBuildConfiguration section */
		8BB895DA14D132460089B2B1 /* Debug */ = {
			isa = XCBuildConfiguration;
			buildSettings = {
				ALWAYS_SEARCH_USER_PATHS = NO;
				ARCHS = "$(ARCHS_STANDARD_32_BIT)";
				CLANG_ENABLE_OBJC_ARC = YES;
				"CODE_SIGN_IDENTITY[sdk=iphoneos*]" = "iPhone Developer";
				COPY_PHASE_STRIP = NO;
				GCC_C_LANGUAGE_STANDARD = gnu99;
				GCC_DYNAMIC_NO_PIC = NO;
				GCC_OPTIMIZATION_LEVEL = 0;
				GCC_PREPROCESSOR_DEFINITIONS = (
					"DEBUG=1",
					"$(inherited)",
				);
				GCC_SYMBOLS_PRIVATE_EXTERN = NO;
				GCC_VERSION = com.apple.compilers.llvm.clang.1_0;
				GCC_WARN_ABOUT_MISSING_PROTOTYPES = YES;
				GCC_WARN_ABOUT_RETURN_TYPE = YES;
				GCC_WARN_UNUSED_VARIABLE = YES;
				IPHONEOS_DEPLOYMENT_TARGET = 5.0;
				SDKROOT = iphoneos;
			};
			name = Debug;
		};
		8BB895DB14D132460089B2B1 /* Release */ = {
			isa = XCBuildConfiguration;
			buildSettings = {
				ALWAYS_SEARCH_USER_PATHS = NO;
				ARCHS = "$(ARCHS_STANDARD_32_BIT)";
				CLANG_ENABLE_OBJC_ARC = YES;
				"CODE_SIGN_IDENTITY[sdk=iphoneos*]" = "iPhone Developer";
				COPY_PHASE_STRIP = YES;
				GCC_C_LANGUAGE_STANDARD = gnu99;
				GCC_VERSION = com.apple.compilers.llvm.clang.1_0;
				GCC_WARN_ABOUT_MISSING_PROTOTYPES = YES;
				GCC_WARN_ABOUT_RETURN_TYPE = YES;
				GCC_WARN_UNUSED_VARIABLE = YES;
				IPHONEOS_DEPLOYMENT_TARGET = 5.0;
				OTHER_CFLAGS = "-DNS_BLOCK_ASSERTIONS=1";
				SDKROOT = iphoneos;
				VALIDATE_PRODUCT = YES;
			};
			name = Release;
		};
		8BB895DD14D132460089B2B1 /* Debug */ = {
			isa = XCBuildConfiguration;
			buildSettings = {
				GCC_PRECOMPILE_PREFIX_HEADER = YES;
				GCC_PREFIX_HEADER = "Pullwalla/Pullwalla-Prefix.pch";
				INFOPLIST_FILE = "Pullwalla/Pullwalla-Info.plist";
				PRODUCT_NAME = "$(TARGET_NAME)";
				WRAPPER_EXTENSION = app;
			};
			name = Debug;
		};
		8BB895DE14D132460089B2B1 /* Release */ = {
			isa = XCBuildConfiguration;
			buildSettings = {
				GCC_PRECOMPILE_PREFIX_HEADER = YES;
				GCC_PREFIX_HEADER = "Pullwalla/Pullwalla-Prefix.pch";
				INFOPLIST_FILE = "Pullwalla/Pullwalla-Info.plist";
				PRODUCT_NAME = "$(TARGET_NAME)";
				WRAPPER_EXTENSION = app;
			};
			name = Release;
		};
/* End XCBuildConfiguration section */

/* Begin XCConfigurationList section */
		8BB895B814D132460089B2B1 /* Build configuration list for PBXProject "Pullwalla" */ = {
			isa = XCConfigurationList;
			buildConfigurations = (
				8BB895DA14D132460089B2B1 /* Debug */,
				8BB895DB14D132460089B2B1 /* Release */,
			);
			defaultConfigurationIsVisible = 0;
			defaultConfigurationName = Release;
		};
		8BB895DC14D132460089B2B1 /* Build configuration list for PBXNativeTarget "Pullwalla" */ = {
			isa = XCConfigurationList;
			buildConfigurations = (
				8BB895DD14D132460089B2B1 /* Debug */,
				8BB895DE14D132460089B2B1 /* Release */,
			);
			defaultConfigurationIsVisible = 0;
		};
/* End XCConfigurationList section */
	};
	rootObject = 8BB895B514D132460089B2B1 /* Project object */;
}
